
Microsoft Visual Studio Solution File, Format Version 12.00
# Visual Studio Version 16
VisualStudioVersion = 16.0.30320.27
MinimumVisualStudioVersion = 10.0.40219.1
Project("{FAE04EC0-301F-11D3-BF4B-00C04F79EFBC}") = "SaidaDeDados", "SaidaDeDados\SaidaDeDados.csproj", "{8DED5C0B-E4F9-4737-BEA2-F21C89759A43}"
EndProject
Global
	GlobalSection(SolutionConfigurationPlatforms) = preSolution
		Debug|Any CPU = Debug|Any CPU
		Release|Any CPU = Release|Any CPU
	EndGlobalSection
	GlobalSection(ProjectConfigurationPlatforms) = postSolution
		{8DED5C0B-E4F9-4737-BEA2-F21C89759A43}.Debug|Any CPU.ActiveCfg = Debug|Any CPU
		{8DED5C0B-E4F9-4737-BEA2-F21C89759A43}.Debug|Any CPU.Build.0 = Debug|Any CPU
		{8DED5C0B-E4F9-4737-BEA2-F21C89759A43}.Release|Any CPU.ActiveCfg = Release|Any CPU
		{8DED5C0B-E4F9-4737-BEA2-F21C89759A43}.Release|Any CPU.Build.0 = Release|Any CPU
	EndGlobalSection
	GlobalSection(SolutionProperties) = preSolution
		HideSolutionNode = FALSE
	EndGlobalSection
	GlobalSection(ExtensibilityGlobals) = postSolution
		SolutionGuid = {B8D97415-9D49-4076-846B-C3A706262698}
	EndGlobalSection
EndGlobal
