
Microsoft Visual Studio Solution File, Format Version 12.00
# Visual Studio Version 16
VisualStudioVersion = 16.0.30320.27
MinimumVisualStudioVersion = 10.0.40219.1
Project("{FAE04EC0-301F-11D3-BF4B-00C04F79EFBC}") = "Exercicio Arquivos", "Exercicio Arquivos\Exercicio Arquivos.csproj", "{73B78932-8A10-477D-8CF8-420BC118BD19}"
EndProject
Global
	GlobalSection(SolutionConfigurationPlatforms) = preSolution
		Debug|Any CPU = Debug|Any CPU
		Release|Any CPU = Release|Any CPU
	EndGlobalSection
	GlobalSection(ProjectConfigurationPlatforms) = postSolution
		{73B78932-8A10-477D-8CF8-420BC118BD19}.Debug|Any CPU.ActiveCfg = Debug|Any CPU
		{73B78932-8A10-477D-8CF8-420BC118BD19}.Debug|Any CPU.Build.0 = Debug|Any CPU
		{73B78932-8A10-477D-8CF8-420BC118BD19}.Release|Any CPU.ActiveCfg = Release|Any CPU
		{73B78932-8A10-477D-8CF8-420BC118BD19}.Release|Any CPU.Build.0 = Release|Any CPU
	EndGlobalSection
	GlobalSection(SolutionProperties) = preSolution
		HideSolutionNode = FALSE
	EndGlobalSection
	GlobalSection(ExtensibilityGlobals) = postSolution
		SolutionGuid = {29C8C45D-A230-4CBB-9912-EF0CA3D7A2F4}
	EndGlobalSection
EndGlobal
