
Microsoft Visual Studio Solution File, Format Version 12.00
# Visual Studio Version 16
VisualStudioVersion = 16.0.30320.27
MinimumVisualStudioVersion = 10.0.40219.1
Project("{FAE04EC0-301F-11D3-BF4B-00C04F79EFBC}") = "For", "For\For.csproj", "{9A977BA6-D0A5-48BB-80FA-CC5E232B4BFA}"
EndProject
Global
	GlobalSection(SolutionConfigurationPlatforms) = preSolution
		Debug|Any CPU = Debug|Any CPU
		Release|Any CPU = Release|Any CPU
	EndGlobalSection
	GlobalSection(ProjectConfigurationPlatforms) = postSolution
		{9A977BA6-D0A5-48BB-80FA-CC5E232B4BFA}.Debug|Any CPU.ActiveCfg = Debug|Any CPU
		{9A977BA6-D0A5-48BB-80FA-CC5E232B4BFA}.Debug|Any CPU.Build.0 = Debug|Any CPU
		{9A977BA6-D0A5-48BB-80FA-CC5E232B4BFA}.Release|Any CPU.ActiveCfg = Release|Any CPU
		{9A977BA6-D0A5-48BB-80FA-CC5E232B4BFA}.Release|Any CPU.Build.0 = Release|Any CPU
	EndGlobalSection
	GlobalSection(SolutionProperties) = preSolution
		HideSolutionNode = FALSE
	EndGlobalSection
	GlobalSection(ExtensibilityGlobals) = postSolution
		SolutionGuid = {E9DA6F25-832F-491A-956F-2E111DF6FFD2}
	EndGlobalSection
EndGlobal
