
Microsoft Visual Studio Solution File, Format Version 12.00
# Visual Studio Version 16
VisualStudioVersion = 16.0.30320.27
MinimumVisualStudioVersion = 10.0.40219.1
Project("{FAE04EC0-301F-11D3-BF4B-00C04F79EFBC}") = "Exceções2", "Exceções2\Exceções2.csproj", "{205BF073-BC8A-4BA5-8F35-97732780E95D}"
EndProject
Global
	GlobalSection(SolutionConfigurationPlatforms) = preSolution
		Debug|Any CPU = Debug|Any CPU
		Release|Any CPU = Release|Any CPU
	EndGlobalSection
	GlobalSection(ProjectConfigurationPlatforms) = postSolution
		{205BF073-BC8A-4BA5-8F35-97732780E95D}.Debug|Any CPU.ActiveCfg = Debug|Any CPU
		{205BF073-BC8A-4BA5-8F35-97732780E95D}.Debug|Any CPU.Build.0 = Debug|Any CPU
		{205BF073-BC8A-4BA5-8F35-97732780E95D}.Release|Any CPU.ActiveCfg = Release|Any CPU
		{205BF073-BC8A-4BA5-8F35-97732780E95D}.Release|Any CPU.Build.0 = Release|Any CPU
	EndGlobalSection
	GlobalSection(SolutionProperties) = preSolution
		HideSolutionNode = FALSE
	EndGlobalSection
	GlobalSection(ExtensibilityGlobals) = postSolution
		SolutionGuid = {B9E7A3AB-7E99-442E-B9AF-373E6ACF54CD}
	EndGlobalSection
EndGlobal
