
Microsoft Visual Studio Solution File, Format Version 12.00
# Visual Studio Version 16
VisualStudioVersion = 16.0.30320.27
MinimumVisualStudioVersion = 10.0.40219.1
Project("{FAE04EC0-301F-11D3-BF4B-00C04F79EFBC}") = "Matriz", "Matriz\Matriz.csproj", "{B4AE1A5D-A123-4B03-A412-CA251CFD521B}"
EndProject
Global
	GlobalSection(SolutionConfigurationPlatforms) = preSolution
		Debug|Any CPU = Debug|Any CPU
		Release|Any CPU = Release|Any CPU
	EndGlobalSection
	GlobalSection(ProjectConfigurationPlatforms) = postSolution
		{B4AE1A5D-A123-4B03-A412-CA251CFD521B}.Debug|Any CPU.ActiveCfg = Debug|Any CPU
		{B4AE1A5D-A123-4B03-A412-CA251CFD521B}.Debug|Any CPU.Build.0 = Debug|Any CPU
		{B4AE1A5D-A123-4B03-A412-CA251CFD521B}.Release|Any CPU.ActiveCfg = Release|Any CPU
		{B4AE1A5D-A123-4B03-A412-CA251CFD521B}.Release|Any CPU.Build.0 = Release|Any CPU
	EndGlobalSection
	GlobalSection(SolutionProperties) = preSolution
		HideSolutionNode = FALSE
	EndGlobalSection
	GlobalSection(ExtensibilityGlobals) = postSolution
		SolutionGuid = {5FA8134D-3D0B-43C7-844E-4199DD7A31BB}
	EndGlobalSection
EndGlobal
