
Microsoft Visual Studio Solution File, Format Version 12.00
# Visual Studio Version 16
VisualStudioVersion = 16.0.30320.27
MinimumVisualStudioVersion = 10.0.40219.1
Project("{FAE04EC0-301F-11D3-BF4B-00C04F79EFBC}") = "Projeto.Shared", "Projeto.Shared\Projeto.Shared.csproj", "{65169370-BC2D-4B17-82C1-7BAC7D00B107}"
EndProject
Project("{FAE04EC0-301F-11D3-BF4B-00C04F79EFBC}") = "UnitTestPadrao", "UnitTestPadrao\UnitTestPadrao.csproj", "{B2A14946-4C77-4BF7-A256-B281E7AAD8D2}"
EndProject
Global
	GlobalSection(SolutionConfigurationPlatforms) = preSolution
		Debug|Any CPU = Debug|Any CPU
		Release|Any CPU = Release|Any CPU
	EndGlobalSection
	GlobalSection(ProjectConfigurationPlatforms) = postSolution
		{65169370-BC2D-4B17-82C1-7BAC7D00B107}.Debug|Any CPU.ActiveCfg = Debug|Any CPU
		{65169370-BC2D-4B17-82C1-7BAC7D00B107}.Debug|Any CPU.Build.0 = Debug|Any CPU
		{65169370-BC2D-4B17-82C1-7BAC7D00B107}.Release|Any CPU.ActiveCfg = Release|Any CPU
		{65169370-BC2D-4B17-82C1-7BAC7D00B107}.Release|Any CPU.Build.0 = Release|Any CPU
		{B2A14946-4C77-4BF7-A256-B281E7AAD8D2}.Debug|Any CPU.ActiveCfg = Debug|Any CPU
		{B2A14946-4C77-4BF7-A256-B281E7AAD8D2}.Debug|Any CPU.Build.0 = Debug|Any CPU
		{B2A14946-4C77-4BF7-A256-B281E7AAD8D2}.Release|Any CPU.ActiveCfg = Release|Any CPU
		{B2A14946-4C77-4BF7-A256-B281E7AAD8D2}.Release|Any CPU.Build.0 = Release|Any CPU
	EndGlobalSection
	GlobalSection(SolutionProperties) = preSolution
		HideSolutionNode = FALSE
	EndGlobalSection
	GlobalSection(ExtensibilityGlobals) = postSolution
		SolutionGuid = {4147C28E-D7F8-48D7-A0EF-19637A1A05AF}
	EndGlobalSection
EndGlobal
