
Microsoft Visual Studio Solution File, Format Version 12.00
# Visual Studio Version 16
VisualStudioVersion = 16.0.30320.27
MinimumVisualStudioVersion = 10.0.40219.1
Project("{FAE04EC0-301F-11D3-BF4B-00C04F79EFBC}") = "EstruturaCondicional", "EstruturaCondicional\EstruturaCondicional.csproj", "{280DB5BD-2806-4A7D-AE48-53E2FC643325}"
EndProject
Global
	GlobalSection(SolutionConfigurationPlatforms) = preSolution
		Debug|Any CPU = Debug|Any CPU
		Release|Any CPU = Release|Any CPU
	EndGlobalSection
	GlobalSection(ProjectConfigurationPlatforms) = postSolution
		{280DB5BD-2806-4A7D-AE48-53E2FC643325}.Debug|Any CPU.ActiveCfg = Debug|Any CPU
		{280DB5BD-2806-4A7D-AE48-53E2FC643325}.Debug|Any CPU.Build.0 = Debug|Any CPU
		{280DB5BD-2806-4A7D-AE48-53E2FC643325}.Release|Any CPU.ActiveCfg = Release|Any CPU
		{280DB5BD-2806-4A7D-AE48-53E2FC643325}.Release|Any CPU.Build.0 = Release|Any CPU
	EndGlobalSection
	GlobalSection(SolutionProperties) = preSolution
		HideSolutionNode = FALSE
	EndGlobalSection
	GlobalSection(ExtensibilityGlobals) = postSolution
		SolutionGuid = {9086803A-0354-48B5-878A-712137187427}
	EndGlobalSection
EndGlobal
