
Microsoft Visual Studio Solution File, Format Version 12.00
# Visual Studio Version 16
VisualStudioVersion = 16.0.30320.27
MinimumVisualStudioVersion = 10.0.40219.1
Project("{FAE04EC0-301F-11D3-BF4B-00C04F79EFBC}") = "ProjetoPooAssociacao", "ProjetoPooAssociacao\ProjetoPooAssociacao.csproj", "{72F1E394-88A3-4CD9-940D-1626527499BC}"
EndProject
Global
	GlobalSection(SolutionConfigurationPlatforms) = preSolution
		Debug|Any CPU = Debug|Any CPU
		Release|Any CPU = Release|Any CPU
	EndGlobalSection
	GlobalSection(ProjectConfigurationPlatforms) = postSolution
		{72F1E394-88A3-4CD9-940D-1626527499BC}.Debug|Any CPU.ActiveCfg = Debug|Any CPU
		{72F1E394-88A3-4CD9-940D-1626527499BC}.Debug|Any CPU.Build.0 = Debug|Any CPU
		{72F1E394-88A3-4CD9-940D-1626527499BC}.Release|Any CPU.ActiveCfg = Release|Any CPU
		{72F1E394-88A3-4CD9-940D-1626527499BC}.Release|Any CPU.Build.0 = Release|Any CPU
	EndGlobalSection
	GlobalSection(SolutionProperties) = preSolution
		HideSolutionNode = FALSE
	EndGlobalSection
	GlobalSection(ExtensibilityGlobals) = postSolution
		SolutionGuid = {95374B17-8C81-408D-8E67-4351D7F5EC39}
	EndGlobalSection
EndGlobal
