
Microsoft Visual Studio Solution File, Format Version 12.00
# Visual Studio Version 16
VisualStudioVersion = 16.0.30320.27
MinimumVisualStudioVersion = 10.0.40219.1
Project("{FAE04EC0-301F-11D3-BF4B-00C04F79EFBC}") = "Trabalhando com Arquivos", "Trabalhando com Arquivos\Trabalhando com Arquivos.csproj", "{5CD17F2F-6A46-46C1-814E-4ABEF53042ED}"
EndProject
Global
	GlobalSection(SolutionConfigurationPlatforms) = preSolution
		Debug|Any CPU = Debug|Any CPU
		Release|Any CPU = Release|Any CPU
	EndGlobalSection
	GlobalSection(ProjectConfigurationPlatforms) = postSolution
		{5CD17F2F-6A46-46C1-814E-4ABEF53042ED}.Debug|Any CPU.ActiveCfg = Debug|Any CPU
		{5CD17F2F-6A46-46C1-814E-4ABEF53042ED}.Debug|Any CPU.Build.0 = Debug|Any CPU
		{5CD17F2F-6A46-46C1-814E-4ABEF53042ED}.Release|Any CPU.ActiveCfg = Release|Any CPU
		{5CD17F2F-6A46-46C1-814E-4ABEF53042ED}.Release|Any CPU.Build.0 = Release|Any CPU
	EndGlobalSection
	GlobalSection(SolutionProperties) = preSolution
		HideSolutionNode = FALSE
	EndGlobalSection
	GlobalSection(ExtensibilityGlobals) = postSolution
		SolutionGuid = {070A9FAA-109F-4D63-B012-153439414CCB}
	EndGlobalSection
EndGlobal
