
Microsoft Visual Studio Solution File, Format Version 12.00
# Visual Studio Version 16
VisualStudioVersion = 16.0.30320.27
MinimumVisualStudioVersion = 10.0.40219.1
Project("{FAE04EC0-301F-11D3-BF4B-00C04F79EFBC}") = "MembrosEstaticosComClasse", "MembrosEstaticosComClasse\MembrosEstaticosComClasse.csproj", "{EE73BD2A-A400-42AE-A0F4-6B9B8A3CDEBD}"
EndProject
Global
	GlobalSection(SolutionConfigurationPlatforms) = preSolution
		Debug|Any CPU = Debug|Any CPU
		Release|Any CPU = Release|Any CPU
	EndGlobalSection
	GlobalSection(ProjectConfigurationPlatforms) = postSolution
		{EE73BD2A-A400-42AE-A0F4-6B9B8A3CDEBD}.Debug|Any CPU.ActiveCfg = Debug|Any CPU
		{EE73BD2A-A400-42AE-A0F4-6B9B8A3CDEBD}.Debug|Any CPU.Build.0 = Debug|Any CPU
		{EE73BD2A-A400-42AE-A0F4-6B9B8A3CDEBD}.Release|Any CPU.ActiveCfg = Release|Any CPU
		{EE73BD2A-A400-42AE-A0F4-6B9B8A3CDEBD}.Release|Any CPU.Build.0 = Release|Any CPU
	EndGlobalSection
	GlobalSection(SolutionProperties) = preSolution
		HideSolutionNode = FALSE
	EndGlobalSection
	GlobalSection(ExtensibilityGlobals) = postSolution
		SolutionGuid = {64B102E7-8DFF-41DB-9495-2E2A8664D1A5}
	EndGlobalSection
EndGlobal
