
Microsoft Visual Studio Solution File, Format Version 12.00
# Visual Studio Version 16
VisualStudioVersion = 16.0.30320.27
MinimumVisualStudioVersion = 10.0.40219.1
Project("{FAE04EC0-301F-11D3-BF4B-00C04F79EFBC}") = "ClasseAbstrata2", "ClasseAbstrata2\ClasseAbstrata2.csproj", "{B17C1F18-5536-4A24-8DC1-CD7EF70C50A9}"
EndProject
Global
	GlobalSection(SolutionConfigurationPlatforms) = preSolution
		Debug|Any CPU = Debug|Any CPU
		Release|Any CPU = Release|Any CPU
	EndGlobalSection
	GlobalSection(ProjectConfigurationPlatforms) = postSolution
		{B17C1F18-5536-4A24-8DC1-CD7EF70C50A9}.Debug|Any CPU.ActiveCfg = Debug|Any CPU
		{B17C1F18-5536-4A24-8DC1-CD7EF70C50A9}.Debug|Any CPU.Build.0 = Debug|Any CPU
		{B17C1F18-5536-4A24-8DC1-CD7EF70C50A9}.Release|Any CPU.ActiveCfg = Release|Any CPU
		{B17C1F18-5536-4A24-8DC1-CD7EF70C50A9}.Release|Any CPU.Build.0 = Release|Any CPU
	EndGlobalSection
	GlobalSection(SolutionProperties) = preSolution
		HideSolutionNode = FALSE
	EndGlobalSection
	GlobalSection(ExtensibilityGlobals) = postSolution
		SolutionGuid = {6596CF76-B859-48C8-B11F-A00CE53DBA25}
	EndGlobalSection
EndGlobal
