
Microsoft Visual Studio Solution File, Format Version 12.00
# Visual Studio Version 16
VisualStudioVersion = 16.0.30320.27
MinimumVisualStudioVersion = 10.0.40219.1
Project("{FAE04EC0-301F-11D3-BF4B-00C04F79EFBC}") = "TryCatch", "TryCatch\TryCatch.csproj", "{67D64169-44B2-471D-A293-0F15C88A2A16}"
EndProject
Global
	GlobalSection(SolutionConfigurationPlatforms) = preSolution
		Debug|Any CPU = Debug|Any CPU
		Release|Any CPU = Release|Any CPU
	EndGlobalSection
	GlobalSection(ProjectConfigurationPlatforms) = postSolution
		{67D64169-44B2-471D-A293-0F15C88A2A16}.Debug|Any CPU.ActiveCfg = Debug|Any CPU
		{67D64169-44B2-471D-A293-0F15C88A2A16}.Debug|Any CPU.Build.0 = Debug|Any CPU
		{67D64169-44B2-471D-A293-0F15C88A2A16}.Release|Any CPU.ActiveCfg = Release|Any CPU
		{67D64169-44B2-471D-A293-0F15C88A2A16}.Release|Any CPU.Build.0 = Release|Any CPU
	EndGlobalSection
	GlobalSection(SolutionProperties) = preSolution
		HideSolutionNode = FALSE
	EndGlobalSection
	GlobalSection(ExtensibilityGlobals) = postSolution
		SolutionGuid = {1DA5C5F3-51FC-4043-AE6B-E54683035AB9}
	EndGlobalSection
EndGlobal
